
Microsoft Visual Studio Solution File, Format Version 12.00
# Visual Studio Version 17
VisualStudioVersion = 17.14.36915.13 d17.14
MinimumVisualStudioVersion = 10.0.40219.1
Project("{FAE04EC0-301F-11D3-BF4B-00C04F79EFBC}") = "UrbanPalate", "UrbanPalate.csproj", "{7090F107-F8E1-4340-B35E-09D2E8D4606A}"
EndProject
Global
	GlobalSection(SolutionConfigurationPlatforms) = preSolution
		Debug|Any CPU = Debug|Any CPU
		Release|Any CPU = Release|Any CPU
	EndGlobalSection
	GlobalSection(ProjectConfigurationPlatforms) = postSolution
		{7090F107-F8E1-4340-B35E-09D2E8D4606A}.Debug|Any CPU.ActiveCfg = Debug|Any CPU
		{7090F107-F8E1-4340-B35E-09D2E8D4606A}.Debug|Any CPU.Build.0 = Debug|Any CPU
		{7090F107-F8E1-4340-B35E-09D2E8D4606A}.Release|Any CPU.ActiveCfg = Release|Any CPU
		{7090F107-F8E1-4340-B35E-09D2E8D4606A}.Release|Any CPU.Build.0 = Release|Any CPU
	EndGlobalSection
	GlobalSection(SolutionProperties) = preSolution
		HideSolutionNode = FALSE
	EndGlobalSection
	GlobalSection(ExtensibilityGlobals) = postSolution
		SolutionGuid = {8274F6AC-B4B5-42CE-A250-6415F0305363}
	EndGlobalSection
EndGlobal
